
Microsoft Visual Studio Solution File, Format Version 12.00
# Visual Studio 14
VisualStudioVersion = 14.0.25123.0
MinimumVisualStudioVersion = 10.0.40219.1
Project("{FAE04EC0-301F-11D3-BF4B-00C04F79EFBC}") = "Microsoft.Owin.Security.Authorization", "src\Microsoft.Owin.Security.Authorization\Microsoft.Owin.Security.Authorization.csproj", "{A74DC534-BD34-419B-9FD4-DABCBAE53A46}"
EndProject
Project("{2150E333-8FDC-42A3-9474-1A3956D46DE8}") = "src", "src", "{BDE5AC4A-6F0C-4D9B-8294-BA2B3F62B4DF}"
EndProject
Project("{2150E333-8FDC-42A3-9474-1A3956D46DE8}") = "Build Management", "Build Management", "{F01BF8E8-137B-4203-BEF7-98BB3944C950}"
	ProjectSection(SolutionItems) = preProject
		Build Management\ApplyVersionToAssemblies.ps1 = Build Management\ApplyVersionToAssemblies.ps1
	EndProjectSection
EndProject
Project("{2150E333-8FDC-42A3-9474-1A3956D46DE8}") = "test", "test", "{E1616215-7BD6-43BC-BFB8-D2BFD8BCB788}"
EndProject
Project("{FAE04EC0-301F-11D3-BF4B-00C04F79EFBC}") = "Microsoft.Owin.Security.Authorization.Tests", "test\Microsoft.Owin.Security.Authorization.Tests\Microsoft.Owin.Security.Authorization.Tests.csproj", "{25DF3ABB-1E2E-4F7B-A517-98FE6D47412A}"
EndProject
Project("{2150E333-8FDC-42A3-9474-1A3956D46DE8}") = "samples", "samples", "{9D82C3FC-EC41-4F7A-8846-D69C4CA1FA5B}"
EndProject
Project("{FAE04EC0-301F-11D3-BF4B-00C04F79EFBC}") = "MVC OWIN", "samples\MVC OWIN\MVC OWIN.csproj", "{75D2262B-7033-4216-8583-0DF28A195D80}"
EndProject
Project("{FAE04EC0-301F-11D3-BF4B-00C04F79EFBC}") = "Microsoft.Owin.Security.Authorization.Mvc", "src\Microsoft.Owin.Security.Authorization.Mvc\Microsoft.Owin.Security.Authorization.Mvc.csproj", "{AD310D5E-FC2F-42B8-90A0-4FA46FF08B45}"
EndProject
Global
	GlobalSection(SolutionConfigurationPlatforms) = preSolution
		Debug|Any CPU = Debug|Any CPU
		Release|Any CPU = Release|Any CPU
	EndGlobalSection
	GlobalSection(ProjectConfigurationPlatforms) = postSolution
		{A74DC534-BD34-419B-9FD4-DABCBAE53A46}.Debug|Any CPU.ActiveCfg = Debug|Any CPU
		{A74DC534-BD34-419B-9FD4-DABCBAE53A46}.Debug|Any CPU.Build.0 = Debug|Any CPU
		{A74DC534-BD34-419B-9FD4-DABCBAE53A46}.Release|Any CPU.ActiveCfg = Release|Any CPU
		{A74DC534-BD34-419B-9FD4-DABCBAE53A46}.Release|Any CPU.Build.0 = Release|Any CPU
		{25DF3ABB-1E2E-4F7B-A517-98FE6D47412A}.Debug|Any CPU.ActiveCfg = Debug|Any CPU
		{25DF3ABB-1E2E-4F7B-A517-98FE6D47412A}.Debug|Any CPU.Build.0 = Debug|Any CPU
		{25DF3ABB-1E2E-4F7B-A517-98FE6D47412A}.Release|Any CPU.ActiveCfg = Release|Any CPU
		{25DF3ABB-1E2E-4F7B-A517-98FE6D47412A}.Release|Any CPU.Build.0 = Release|Any CPU
		{75D2262B-7033-4216-8583-0DF28A195D80}.Debug|Any CPU.ActiveCfg = Debug|Any CPU
		{75D2262B-7033-4216-8583-0DF28A195D80}.Debug|Any CPU.Build.0 = Debug|Any CPU
		{75D2262B-7033-4216-8583-0DF28A195D80}.Release|Any CPU.ActiveCfg = Release|Any CPU
		{75D2262B-7033-4216-8583-0DF28A195D80}.Release|Any CPU.Build.0 = Release|Any CPU
		{AD310D5E-FC2F-42B8-90A0-4FA46FF08B45}.Debug|Any CPU.ActiveCfg = Debug|Any CPU
		{AD310D5E-FC2F-42B8-90A0-4FA46FF08B45}.Debug|Any CPU.Build.0 = Debug|Any CPU
		{AD310D5E-FC2F-42B8-90A0-4FA46FF08B45}.Release|Any CPU.ActiveCfg = Release|Any CPU
		{AD310D5E-FC2F-42B8-90A0-4FA46FF08B45}.Release|Any CPU.Build.0 = Release|Any CPU
	EndGlobalSection
	GlobalSection(SolutionProperties) = preSolution
		HideSolutionNode = FALSE
	EndGlobalSection
	GlobalSection(NestedProjects) = preSolution
		{A74DC534-BD34-419B-9FD4-DABCBAE53A46} = {BDE5AC4A-6F0C-4D9B-8294-BA2B3F62B4DF}
		{25DF3ABB-1E2E-4F7B-A517-98FE6D47412A} = {E1616215-7BD6-43BC-BFB8-D2BFD8BCB788}
		{75D2262B-7033-4216-8583-0DF28A195D80} = {9D82C3FC-EC41-4F7A-8846-D69C4CA1FA5B}
		{AD310D5E-FC2F-42B8-90A0-4FA46FF08B45} = {BDE5AC4A-6F0C-4D9B-8294-BA2B3F62B4DF}
	EndGlobalSection
EndGlobal
