
Microsoft Visual Studio Solution File, Format Version 12.00
# Visual Studio 14
VisualStudioVersion = 14.0.25123.0
MinimumVisualStudioVersion = 10.0.40219.1
Project("{FAE04EC0-301F-11D3-BF4B-00C04F79EFBC}") = "Microsoft.Owin.Security.Authorization", "src\Microsoft.Owin.Security.Authorization\Microsoft.Owin.Security.Authorization.csproj", "{A74DC534-BD34-419B-9FD4-DABCBAE53A46}"
EndProject
Project("{2150E333-8FDC-42A3-9474-1A3956D46DE8}") = "src", "src", "{BDE5AC4A-6F0C-4D9B-8294-BA2B3F62B4DF}"
EndProject
Project("{2150E333-8FDC-42A3-9474-1A3956D46DE8}") = "Build Management", "Build Management", "{F01BF8E8-137B-4203-BEF7-98BB3944C950}"
	ProjectSection(SolutionItems) = preProject
		Build Management\ApplyVersionToAssemblies.ps1 = Build Management\ApplyVersionToAssemblies.ps1
	EndProjectSection
EndProject
Project("{2150E333-8FDC-42A3-9474-1A3956D46DE8}") = "test", "test", "{E1616215-7BD6-43BC-BFB8-D2BFD8BCB788}"
EndProject
Project("{FAE04EC0-301F-11D3-BF4B-00C04F79EFBC}") = "Microsoft.Owin.Security.Authorization.Tests", "test\Microsoft.Owin.Security.Authorization.Tests\Microsoft.Owin.Security.Authorization.Tests.csproj", "{25DF3ABB-1E2E-4F7B-A517-98FE6D47412A}"
EndProject
Project("{2150E333-8FDC-42A3-9474-1A3956D46DE8}") = "samples", "samples", "{9D82C3FC-EC41-4F7A-8846-D69C4CA1FA5B}"
EndProject
Project("{FAE04EC0-301F-11D3-BF4B-00C04F79EFBC}") = "MVC OWIN", "samples\MVC OWIN\MVC OWIN.csproj", "{75D2262B-7033-4216-8583-0DF28A195D80}"
EndProject
Project("{FAE04EC0-301F-11D3-BF4B-00C04F79EFBC}") = "Microsoft.Owin.Security.Authorization.Mvc", "src\Microsoft.Owin.Security.Authorization.Mvc\Microsoft.Owin.Security.Authorization.Mvc.csproj", "{AD310D5E-FC2F-42B8-90A0-4FA46FF08B45}"
EndProject
Project("{FAE04EC0-301F-11D3-BF4B-00C04F79EFBC}") = "Microsoft.Owin.Security.Authorization.WebApi", "src\Microsoft.Owin.Security.Authorization.WebApi\Microsoft.Owin.Security.Authorization.WebApi.csproj", "{B21E8782-D3D8-4329-BD92-2DBA581F1C9B}"
EndProject
Project("{FAE04EC0-301F-11D3-BF4B-00C04F79EFBC}") = "WebApi OWIN", "samples\WebApi OWIN\WebApi OWIN.csproj", "{4EDAF3A2-8389-4D22-8267-02CAA8D65596}"
EndProject
Project("{FAE04EC0-301F-11D3-BF4B-00C04F79EFBC}") = "MVC Classic", "samples\MVC Classic\MVC Classic.csproj", "{EC5B9FE4-4B3F-4FBE-A09B-5C7692740F4C}"
EndProject
Project("{FAE04EC0-301F-11D3-BF4B-00C04F79EFBC}") = "WebApi Classic", "samples\WebApi Classic\WebApi Classic.csproj", "{7EDB6C8C-46A8-48BB-B9E6-DA23F2C6EED1}"
EndProject
Project("{FAE04EC0-301F-11D3-BF4B-00C04F79EFBC}") = "Microsoft.Owin.Security.Authorization.TestTools", "test\Microsoft.Owin.Security.Authorization.TestTools\Microsoft.Owin.Security.Authorization.TestTools.csproj", "{43DBB1B1-539B-4740-9CC8-998A742C598A}"
EndProject
Project("{FAE04EC0-301F-11D3-BF4B-00C04F79EFBC}") = "WebApi Custom Handler", "samples\WebApi Custom Handler\WebApi Custom Handler.csproj", "{9DE6373E-47EA-4B02-B1EC-4859F14A6ACD}"
EndProject
Project("{FAE04EC0-301F-11D3-BF4B-00C04F79EFBC}") = "WebApi SelfHost", "samples\WebApi SelfHost\WebApi SelfHost.csproj", "{7CCE795D-D98C-41E7-834E-64A2D7B2D1DF}"
EndProject
Project("{FAE04EC0-301F-11D3-BF4B-00C04F79EFBC}") = "WebApi Autofac", "samples\WebApi Autofac\WebApi Autofac.csproj", "{D91FE09B-BFBB-4F96-ADAF-2D60716793F2}"
EndProject
Global
	GlobalSection(SolutionConfigurationPlatforms) = preSolution
		Debug|Any CPU = Debug|Any CPU
		Release|Any CPU = Release|Any CPU
	EndGlobalSection
	GlobalSection(ProjectConfigurationPlatforms) = postSolution
		{A74DC534-BD34-419B-9FD4-DABCBAE53A46}.Debug|Any CPU.ActiveCfg = Debug|Any CPU
		{A74DC534-BD34-419B-9FD4-DABCBAE53A46}.Debug|Any CPU.Build.0 = Debug|Any CPU
		{A74DC534-BD34-419B-9FD4-DABCBAE53A46}.Release|Any CPU.ActiveCfg = Release|Any CPU
		{A74DC534-BD34-419B-9FD4-DABCBAE53A46}.Release|Any CPU.Build.0 = Release|Any CPU
		{25DF3ABB-1E2E-4F7B-A517-98FE6D47412A}.Debug|Any CPU.ActiveCfg = Debug|Any CPU
		{25DF3ABB-1E2E-4F7B-A517-98FE6D47412A}.Debug|Any CPU.Build.0 = Debug|Any CPU
		{25DF3ABB-1E2E-4F7B-A517-98FE6D47412A}.Release|Any CPU.ActiveCfg = Release|Any CPU
		{25DF3ABB-1E2E-4F7B-A517-98FE6D47412A}.Release|Any CPU.Build.0 = Release|Any CPU
		{75D2262B-7033-4216-8583-0DF28A195D80}.Debug|Any CPU.ActiveCfg = Debug|Any CPU
		{75D2262B-7033-4216-8583-0DF28A195D80}.Debug|Any CPU.Build.0 = Debug|Any CPU
		{75D2262B-7033-4216-8583-0DF28A195D80}.Release|Any CPU.ActiveCfg = Release|Any CPU
		{75D2262B-7033-4216-8583-0DF28A195D80}.Release|Any CPU.Build.0 = Release|Any CPU
		{AD310D5E-FC2F-42B8-90A0-4FA46FF08B45}.Debug|Any CPU.ActiveCfg = Debug|Any CPU
		{AD310D5E-FC2F-42B8-90A0-4FA46FF08B45}.Debug|Any CPU.Build.0 = Debug|Any CPU
		{AD310D5E-FC2F-42B8-90A0-4FA46FF08B45}.Release|Any CPU.ActiveCfg = Release|Any CPU
		{AD310D5E-FC2F-42B8-90A0-4FA46FF08B45}.Release|Any CPU.Build.0 = Release|Any CPU
		{B21E8782-D3D8-4329-BD92-2DBA581F1C9B}.Debug|Any CPU.ActiveCfg = Debug|Any CPU
		{B21E8782-D3D8-4329-BD92-2DBA581F1C9B}.Debug|Any CPU.Build.0 = Debug|Any CPU
		{B21E8782-D3D8-4329-BD92-2DBA581F1C9B}.Release|Any CPU.ActiveCfg = Release|Any CPU
		{B21E8782-D3D8-4329-BD92-2DBA581F1C9B}.Release|Any CPU.Build.0 = Release|Any CPU
		{4EDAF3A2-8389-4D22-8267-02CAA8D65596}.Debug|Any CPU.ActiveCfg = Debug|Any CPU
		{4EDAF3A2-8389-4D22-8267-02CAA8D65596}.Debug|Any CPU.Build.0 = Debug|Any CPU
		{4EDAF3A2-8389-4D22-8267-02CAA8D65596}.Release|Any CPU.ActiveCfg = Release|Any CPU
		{4EDAF3A2-8389-4D22-8267-02CAA8D65596}.Release|Any CPU.Build.0 = Release|Any CPU
		{EC5B9FE4-4B3F-4FBE-A09B-5C7692740F4C}.Debug|Any CPU.ActiveCfg = Debug|Any CPU
		{EC5B9FE4-4B3F-4FBE-A09B-5C7692740F4C}.Debug|Any CPU.Build.0 = Debug|Any CPU
		{EC5B9FE4-4B3F-4FBE-A09B-5C7692740F4C}.Release|Any CPU.ActiveCfg = Release|Any CPU
		{EC5B9FE4-4B3F-4FBE-A09B-5C7692740F4C}.Release|Any CPU.Build.0 = Release|Any CPU
		{7EDB6C8C-46A8-48BB-B9E6-DA23F2C6EED1}.Debug|Any CPU.ActiveCfg = Debug|Any CPU
		{7EDB6C8C-46A8-48BB-B9E6-DA23F2C6EED1}.Debug|Any CPU.Build.0 = Debug|Any CPU
		{7EDB6C8C-46A8-48BB-B9E6-DA23F2C6EED1}.Release|Any CPU.ActiveCfg = Release|Any CPU
		{7EDB6C8C-46A8-48BB-B9E6-DA23F2C6EED1}.Release|Any CPU.Build.0 = Release|Any CPU
		{43DBB1B1-539B-4740-9CC8-998A742C598A}.Debug|Any CPU.ActiveCfg = Debug|Any CPU
		{43DBB1B1-539B-4740-9CC8-998A742C598A}.Debug|Any CPU.Build.0 = Debug|Any CPU
		{43DBB1B1-539B-4740-9CC8-998A742C598A}.Release|Any CPU.ActiveCfg = Release|Any CPU
		{43DBB1B1-539B-4740-9CC8-998A742C598A}.Release|Any CPU.Build.0 = Release|Any CPU
		{9DE6373E-47EA-4B02-B1EC-4859F14A6ACD}.Debug|Any CPU.ActiveCfg = Debug|Any CPU
		{9DE6373E-47EA-4B02-B1EC-4859F14A6ACD}.Debug|Any CPU.Build.0 = Debug|Any CPU
		{9DE6373E-47EA-4B02-B1EC-4859F14A6ACD}.Release|Any CPU.ActiveCfg = Release|Any CPU
		{9DE6373E-47EA-4B02-B1EC-4859F14A6ACD}.Release|Any CPU.Build.0 = Release|Any CPU
		{7CCE795D-D98C-41E7-834E-64A2D7B2D1DF}.Debug|Any CPU.ActiveCfg = Debug|Any CPU
		{7CCE795D-D98C-41E7-834E-64A2D7B2D1DF}.Debug|Any CPU.Build.0 = Debug|Any CPU
		{7CCE795D-D98C-41E7-834E-64A2D7B2D1DF}.Release|Any CPU.ActiveCfg = Release|Any CPU
		{7CCE795D-D98C-41E7-834E-64A2D7B2D1DF}.Release|Any CPU.Build.0 = Release|Any CPU
		{D91FE09B-BFBB-4F96-ADAF-2D60716793F2}.Debug|Any CPU.ActiveCfg = Debug|Any CPU
		{D91FE09B-BFBB-4F96-ADAF-2D60716793F2}.Debug|Any CPU.Build.0 = Debug|Any CPU
		{D91FE09B-BFBB-4F96-ADAF-2D60716793F2}.Release|Any CPU.ActiveCfg = Release|Any CPU
		{D91FE09B-BFBB-4F96-ADAF-2D60716793F2}.Release|Any CPU.Build.0 = Release|Any CPU
	EndGlobalSection
	GlobalSection(SolutionProperties) = preSolution
		HideSolutionNode = FALSE
	EndGlobalSection
	GlobalSection(NestedProjects) = preSolution
		{A74DC534-BD34-419B-9FD4-DABCBAE53A46} = {BDE5AC4A-6F0C-4D9B-8294-BA2B3F62B4DF}
		{25DF3ABB-1E2E-4F7B-A517-98FE6D47412A} = {E1616215-7BD6-43BC-BFB8-D2BFD8BCB788}
		{75D2262B-7033-4216-8583-0DF28A195D80} = {9D82C3FC-EC41-4F7A-8846-D69C4CA1FA5B}
		{AD310D5E-FC2F-42B8-90A0-4FA46FF08B45} = {BDE5AC4A-6F0C-4D9B-8294-BA2B3F62B4DF}
		{B21E8782-D3D8-4329-BD92-2DBA581F1C9B} = {BDE5AC4A-6F0C-4D9B-8294-BA2B3F62B4DF}
		{4EDAF3A2-8389-4D22-8267-02CAA8D65596} = {9D82C3FC-EC41-4F7A-8846-D69C4CA1FA5B}
		{EC5B9FE4-4B3F-4FBE-A09B-5C7692740F4C} = {9D82C3FC-EC41-4F7A-8846-D69C4CA1FA5B}
		{7EDB6C8C-46A8-48BB-B9E6-DA23F2C6EED1} = {9D82C3FC-EC41-4F7A-8846-D69C4CA1FA5B}
		{43DBB1B1-539B-4740-9CC8-998A742C598A} = {E1616215-7BD6-43BC-BFB8-D2BFD8BCB788}
		{9DE6373E-47EA-4B02-B1EC-4859F14A6ACD} = {9D82C3FC-EC41-4F7A-8846-D69C4CA1FA5B}
		{7CCE795D-D98C-41E7-834E-64A2D7B2D1DF} = {9D82C3FC-EC41-4F7A-8846-D69C4CA1FA5B}
		{D91FE09B-BFBB-4F96-ADAF-2D60716793F2} = {9D82C3FC-EC41-4F7A-8846-D69C4CA1FA5B}
	EndGlobalSection
EndGlobal
